
Microsoft Visual Studio Solution File, Format Version 12.00
# Visual Studio 15
VisualStudioVersion = 15.0.27703.2000
MinimumVisualStudioVersion = 10.0.40219.1
Project("{8BC9CEB8-8B4A-11D0-8D11-00A0C91BC942}") = "Driver_03_24", "Driver_03_24\Driver_03_24.vcxproj", "{D3C99184-2664-439A-AF71-A8CB5CA71472}"
EndProject
Project("{8BC9CEB8-8B4A-11D0-8D11-00A0C91BC942}") = "Thread", "Thread\Thread.vcxproj", "{63832FFF-DC38-4285-81F6-D161D8F5918B}"
EndProject
Project("{8BC9CEB8-8B4A-11D0-8D11-00A0C91BC942}") = "TerminateThread", "TerminateThread\TerminateThread.vcxproj", "{2BFBD89C-A6FD-4597-BAF3-5330C1D65206}"
EndProject
Project("{8BC9CEB8-8B4A-11D0-8D11-00A0C91BC942}") = "EnumThread", "EnumThread\EnumThread.vcxproj", "{140B5D66-7014-4D6D-ACC8-2D565A175277}"
EndProject
Project("{8BC9CEB8-8B4A-11D0-8D11-00A0C91BC942}") = "Io_Timer", "Io_Timer\Io_Timer.vcxproj", "{DD318636-1DA4-4A79-A106-E668062DDEBD}"
EndProject
Project("{8BC9CEB8-8B4A-11D0-8D11-00A0C91BC942}") = "ThreadOther", "ThreadOther\ThreadOther.vcxproj", "{95655EC7-6414-4025-A765-095840F7C8DB}"
EndProject
Project("{8BC9CEB8-8B4A-11D0-8D11-00A0C91BC942}") = "AttachProcess", "AttachProcess\AttachProcess.vcxproj", "{B421A9E9-0615-4F55-B6A8-C71C2AA4DCC7}"
EndProject
Project("{8BC9CEB8-8B4A-11D0-8D11-00A0C91BC942}") = "RegisterOper", "RegisterOper\RegisterOper.vcxproj", "{029FE2E6-3AE8-418B-BD52-7D691CC14741}"
EndProject
Project("{8BC9CEB8-8B4A-11D0-8D11-00A0C91BC942}") = "Seh", "Seh\Seh.vcxproj", "{24ECC723-717B-4057-8DAB-461A05A02515}"
EndProject
Project("{8BC9CEB8-8B4A-11D0-8D11-00A0C91BC942}") = "Object-Hook", "Object-Hook\Object-Hook.vcxproj", "{BD49A0AE-79DA-4BBA-9852-651D715E1320}"
EndProject
Global
	GlobalSection(SolutionConfigurationPlatforms) = preSolution
		Debug|ARM = Debug|ARM
		Debug|ARM64 = Debug|ARM64
		Debug|x64 = Debug|x64
		Debug|x86 = Debug|x86
		Release|ARM = Release|ARM
		Release|ARM64 = Release|ARM64
		Release|x64 = Release|x64
		Release|x86 = Release|x86
	EndGlobalSection
	GlobalSection(ProjectConfigurationPlatforms) = postSolution
		{D3C99184-2664-439A-AF71-A8CB5CA71472}.Debug|ARM.ActiveCfg = Debug|ARM
		{D3C99184-2664-439A-AF71-A8CB5CA71472}.Debug|ARM.Build.0 = Debug|ARM
		{D3C99184-2664-439A-AF71-A8CB5CA71472}.Debug|ARM.Deploy.0 = Debug|ARM
		{D3C99184-2664-439A-AF71-A8CB5CA71472}.Debug|ARM64.ActiveCfg = Debug|ARM64
		{D3C99184-2664-439A-AF71-A8CB5CA71472}.Debug|ARM64.Build.0 = Debug|ARM64
		{D3C99184-2664-439A-AF71-A8CB5CA71472}.Debug|ARM64.Deploy.0 = Debug|ARM64
		{D3C99184-2664-439A-AF71-A8CB5CA71472}.Debug|x64.ActiveCfg = Debug|x64
		{D3C99184-2664-439A-AF71-A8CB5CA71472}.Debug|x64.Build.0 = Debug|x64
		{D3C99184-2664-439A-AF71-A8CB5CA71472}.Debug|x64.Deploy.0 = Debug|x64
		{D3C99184-2664-439A-AF71-A8CB5CA71472}.Debug|x86.ActiveCfg = Debug|Win32
		{D3C99184-2664-439A-AF71-A8CB5CA71472}.Debug|x86.Build.0 = Debug|Win32
		{D3C99184-2664-439A-AF71-A8CB5CA71472}.Debug|x86.Deploy.0 = Debug|Win32
		{D3C99184-2664-439A-AF71-A8CB5CA71472}.Release|ARM.ActiveCfg = Release|ARM
		{D3C99184-2664-439A-AF71-A8CB5CA71472}.Release|ARM.Build.0 = Release|ARM
		{D3C99184-2664-439A-AF71-A8CB5CA71472}.Release|ARM.Deploy.0 = Release|ARM
		{D3C99184-2664-439A-AF71-A8CB5CA71472}.Release|ARM64.ActiveCfg = Release|ARM64
		{D3C99184-2664-439A-AF71-A8CB5CA71472}.Release|ARM64.Build.0 = Release|ARM64
		{D3C99184-2664-439A-AF71-A8CB5CA71472}.Release|ARM64.Deploy.0 = Release|ARM64
		{D3C99184-2664-439A-AF71-A8CB5CA71472}.Release|x64.ActiveCfg = Release|x64
		{D3C99184-2664-439A-AF71-A8CB5CA71472}.Release|x64.Build.0 = Release|x64
		{D3C99184-2664-439A-AF71-A8CB5CA71472}.Release|x64.Deploy.0 = Release|x64
		{D3C99184-2664-439A-AF71-A8CB5CA71472}.Release|x86.ActiveCfg = Release|Win32
		{D3C99184-2664-439A-AF71-A8CB5CA71472}.Release|x86.Build.0 = Release|Win32
		{D3C99184-2664-439A-AF71-A8CB5CA71472}.Release|x86.Deploy.0 = Release|Win32
		{63832FFF-DC38-4285-81F6-D161D8F5918B}.Debug|ARM.ActiveCfg = Debug|ARM
		{63832FFF-DC38-4285-81F6-D161D8F5918B}.Debug|ARM.Build.0 = Debug|ARM
		{63832FFF-DC38-4285-81F6-D161D8F5918B}.Debug|ARM.Deploy.0 = Debug|ARM
		{63832FFF-DC38-4285-81F6-D161D8F5918B}.Debug|ARM64.ActiveCfg = Debug|ARM64
		{63832FFF-DC38-4285-81F6-D161D8F5918B}.Debug|ARM64.Build.0 = Debug|ARM64
		{63832FFF-DC38-4285-81F6-D161D8F5918B}.Debug|ARM64.Deploy.0 = Debug|ARM64
		{63832FFF-DC38-4285-81F6-D161D8F5918B}.Debug|x64.ActiveCfg = Debug|x64
		{63832FFF-DC38-4285-81F6-D161D8F5918B}.Debug|x64.Build.0 = Debug|x64
		{63832FFF-DC38-4285-81F6-D161D8F5918B}.Debug|x64.Deploy.0 = Debug|x64
		{63832FFF-DC38-4285-81F6-D161D8F5918B}.Debug|x86.ActiveCfg = Debug|Win32
		{63832FFF-DC38-4285-81F6-D161D8F5918B}.Debug|x86.Build.0 = Debug|Win32
		{63832FFF-DC38-4285-81F6-D161D8F5918B}.Debug|x86.Deploy.0 = Debug|Win32
		{63832FFF-DC38-4285-81F6-D161D8F5918B}.Release|ARM.ActiveCfg = Release|ARM
		{63832FFF-DC38-4285-81F6-D161D8F5918B}.Release|ARM.Build.0 = Release|ARM
		{63832FFF-DC38-4285-81F6-D161D8F5918B}.Release|ARM.Deploy.0 = Release|ARM
		{63832FFF-DC38-4285-81F6-D161D8F5918B}.Release|ARM64.ActiveCfg = Release|ARM64
		{63832FFF-DC38-4285-81F6-D161D8F5918B}.Release|ARM64.Build.0 = Release|ARM64
		{63832FFF-DC38-4285-81F6-D161D8F5918B}.Release|ARM64.Deploy.0 = Release|ARM64
		{63832FFF-DC38-4285-81F6-D161D8F5918B}.Release|x64.ActiveCfg = Release|x64
		{63832FFF-DC38-4285-81F6-D161D8F5918B}.Release|x64.Build.0 = Release|x64
		{63832FFF-DC38-4285-81F6-D161D8F5918B}.Release|x64.Deploy.0 = Release|x64
		{63832FFF-DC38-4285-81F6-D161D8F5918B}.Release|x86.ActiveCfg = Release|Win32
		{63832FFF-DC38-4285-81F6-D161D8F5918B}.Release|x86.Build.0 = Release|Win32
		{63832FFF-DC38-4285-81F6-D161D8F5918B}.Release|x86.Deploy.0 = Release|Win32
		{2BFBD89C-A6FD-4597-BAF3-5330C1D65206}.Debug|ARM.ActiveCfg = Debug|ARM
		{2BFBD89C-A6FD-4597-BAF3-5330C1D65206}.Debug|ARM.Build.0 = Debug|ARM
		{2BFBD89C-A6FD-4597-BAF3-5330C1D65206}.Debug|ARM.Deploy.0 = Debug|ARM
		{2BFBD89C-A6FD-4597-BAF3-5330C1D65206}.Debug|ARM64.ActiveCfg = Debug|ARM64
		{2BFBD89C-A6FD-4597-BAF3-5330C1D65206}.Debug|ARM64.Build.0 = Debug|ARM64
		{2BFBD89C-A6FD-4597-BAF3-5330C1D65206}.Debug|ARM64.Deploy.0 = Debug|ARM64
		{2BFBD89C-A6FD-4597-BAF3-5330C1D65206}.Debug|x64.ActiveCfg = Debug|x64
		{2BFBD89C-A6FD-4597-BAF3-5330C1D65206}.Debug|x64.Build.0 = Debug|x64
		{2BFBD89C-A6FD-4597-BAF3-5330C1D65206}.Debug|x64.Deploy.0 = Debug|x64
		{2BFBD89C-A6FD-4597-BAF3-5330C1D65206}.Debug|x86.ActiveCfg = Debug|Win32
		{2BFBD89C-A6FD-4597-BAF3-5330C1D65206}.Debug|x86.Build.0 = Debug|Win32
		{2BFBD89C-A6FD-4597-BAF3-5330C1D65206}.Debug|x86.Deploy.0 = Debug|Win32
		{2BFBD89C-A6FD-4597-BAF3-5330C1D65206}.Release|ARM.ActiveCfg = Release|ARM
		{2BFBD89C-A6FD-4597-BAF3-5330C1D65206}.Release|ARM.Build.0 = Release|ARM
		{2BFBD89C-A6FD-4597-BAF3-5330C1D65206}.Release|ARM.Deploy.0 = Release|ARM
		{2BFBD89C-A6FD-4597-BAF3-5330C1D65206}.Release|ARM64.ActiveCfg = Release|ARM64
		{2BFBD89C-A6FD-4597-BAF3-5330C1D65206}.Release|ARM64.Build.0 = Release|ARM64
		{2BFBD89C-A6FD-4597-BAF3-5330C1D65206}.Release|ARM64.Deploy.0 = Release|ARM64
		{2BFBD89C-A6FD-4597-BAF3-5330C1D65206}.Release|x64.ActiveCfg = Release|x64
		{2BFBD89C-A6FD-4597-BAF3-5330C1D65206}.Release|x64.Build.0 = Release|x64
		{2BFBD89C-A6FD-4597-BAF3-5330C1D65206}.Release|x64.Deploy.0 = Release|x64
		{2BFBD89C-A6FD-4597-BAF3-5330C1D65206}.Release|x86.ActiveCfg = Release|Win32
		{2BFBD89C-A6FD-4597-BAF3-5330C1D65206}.Release|x86.Build.0 = Release|Win32
		{2BFBD89C-A6FD-4597-BAF3-5330C1D65206}.Release|x86.Deploy.0 = Release|Win32
		{140B5D66-7014-4D6D-ACC8-2D565A175277}.Debug|ARM.ActiveCfg = Debug|ARM
		{140B5D66-7014-4D6D-ACC8-2D565A175277}.Debug|ARM.Build.0 = Debug|ARM
		{140B5D66-7014-4D6D-ACC8-2D565A175277}.Debug|ARM.Deploy.0 = Debug|ARM
		{140B5D66-7014-4D6D-ACC8-2D565A175277}.Debug|ARM64.ActiveCfg = Debug|ARM64
		{140B5D66-7014-4D6D-ACC8-2D565A175277}.Debug|ARM64.Build.0 = Debug|ARM64
		{140B5D66-7014-4D6D-ACC8-2D565A175277}.Debug|ARM64.Deploy.0 = Debug|ARM64
		{140B5D66-7014-4D6D-ACC8-2D565A175277}.Debug|x64.ActiveCfg = Debug|x64
		{140B5D66-7014-4D6D-ACC8-2D565A175277}.Debug|x64.Build.0 = Debug|x64
		{140B5D66-7014-4D6D-ACC8-2D565A175277}.Debug|x64.Deploy.0 = Debug|x64
		{140B5D66-7014-4D6D-ACC8-2D565A175277}.Debug|x86.ActiveCfg = Debug|Win32
		{140B5D66-7014-4D6D-ACC8-2D565A175277}.Debug|x86.Build.0 = Debug|Win32
		{140B5D66-7014-4D6D-ACC8-2D565A175277}.Debug|x86.Deploy.0 = Debug|Win32
		{140B5D66-7014-4D6D-ACC8-2D565A175277}.Release|ARM.ActiveCfg = Release|ARM
		{140B5D66-7014-4D6D-ACC8-2D565A175277}.Release|ARM.Build.0 = Release|ARM
		{140B5D66-7014-4D6D-ACC8-2D565A175277}.Release|ARM.Deploy.0 = Release|ARM
		{140B5D66-7014-4D6D-ACC8-2D565A175277}.Release|ARM64.ActiveCfg = Release|ARM64
		{140B5D66-7014-4D6D-ACC8-2D565A175277}.Release|ARM64.Build.0 = Release|ARM64
		{140B5D66-7014-4D6D-ACC8-2D565A175277}.Release|ARM64.Deploy.0 = Release|ARM64
		{140B5D66-7014-4D6D-ACC8-2D565A175277}.Release|x64.ActiveCfg = Release|x64
		{140B5D66-7014-4D6D-ACC8-2D565A175277}.Release|x64.Build.0 = Release|x64
		{140B5D66-7014-4D6D-ACC8-2D565A175277}.Release|x64.Deploy.0 = Release|x64
		{140B5D66-7014-4D6D-ACC8-2D565A175277}.Release|x86.ActiveCfg = Release|Win32
		{140B5D66-7014-4D6D-ACC8-2D565A175277}.Release|x86.Build.0 = Release|Win32
		{140B5D66-7014-4D6D-ACC8-2D565A175277}.Release|x86.Deploy.0 = Release|Win32
		{DD318636-1DA4-4A79-A106-E668062DDEBD}.Debug|ARM.ActiveCfg = Debug|ARM
		{DD318636-1DA4-4A79-A106-E668062DDEBD}.Debug|ARM.Build.0 = Debug|ARM
		{DD318636-1DA4-4A79-A106-E668062DDEBD}.Debug|ARM.Deploy.0 = Debug|ARM
		{DD318636-1DA4-4A79-A106-E668062DDEBD}.Debug|ARM64.ActiveCfg = Debug|ARM64
		{DD318636-1DA4-4A79-A106-E668062DDEBD}.Debug|ARM64.Build.0 = Debug|ARM64
		{DD318636-1DA4-4A79-A106-E668062DDEBD}.Debug|ARM64.Deploy.0 = Debug|ARM64
		{DD318636-1DA4-4A79-A106-E668062DDEBD}.Debug|x64.ActiveCfg = Debug|x64
		{DD318636-1DA4-4A79-A106-E668062DDEBD}.Debug|x64.Build.0 = Debug|x64
		{DD318636-1DA4-4A79-A106-E668062DDEBD}.Debug|x64.Deploy.0 = Debug|x64
		{DD318636-1DA4-4A79-A106-E668062DDEBD}.Debug|x86.ActiveCfg = Debug|Win32
		{DD318636-1DA4-4A79-A106-E668062DDEBD}.Debug|x86.Build.0 = Debug|Win32
		{DD318636-1DA4-4A79-A106-E668062DDEBD}.Debug|x86.Deploy.0 = Debug|Win32
		{DD318636-1DA4-4A79-A106-E668062DDEBD}.Release|ARM.ActiveCfg = Release|ARM
		{DD318636-1DA4-4A79-A106-E668062DDEBD}.Release|ARM.Build.0 = Release|ARM
		{DD318636-1DA4-4A79-A106-E668062DDEBD}.Release|ARM.Deploy.0 = Release|ARM
		{DD318636-1DA4-4A79-A106-E668062DDEBD}.Release|ARM64.ActiveCfg = Release|ARM64
		{DD318636-1DA4-4A79-A106-E668062DDEBD}.Release|ARM64.Build.0 = Release|ARM64
		{DD318636-1DA4-4A79-A106-E668062DDEBD}.Release|ARM64.Deploy.0 = Release|ARM64
		{DD318636-1DA4-4A79-A106-E668062DDEBD}.Release|x64.ActiveCfg = Release|x64
		{DD318636-1DA4-4A79-A106-E668062DDEBD}.Release|x64.Build.0 = Release|x64
		{DD318636-1DA4-4A79-A106-E668062DDEBD}.Release|x64.Deploy.0 = Release|x64
		{DD318636-1DA4-4A79-A106-E668062DDEBD}.Release|x86.ActiveCfg = Release|Win32
		{DD318636-1DA4-4A79-A106-E668062DDEBD}.Release|x86.Build.0 = Release|Win32
		{DD318636-1DA4-4A79-A106-E668062DDEBD}.Release|x86.Deploy.0 = Release|Win32
		{95655EC7-6414-4025-A765-095840F7C8DB}.Debug|ARM.ActiveCfg = Debug|ARM
		{95655EC7-6414-4025-A765-095840F7C8DB}.Debug|ARM.Build.0 = Debug|ARM
		{95655EC7-6414-4025-A765-095840F7C8DB}.Debug|ARM.Deploy.0 = Debug|ARM
		{95655EC7-6414-4025-A765-095840F7C8DB}.Debug|ARM64.ActiveCfg = Debug|ARM64
		{95655EC7-6414-4025-A765-095840F7C8DB}.Debug|ARM64.Build.0 = Debug|ARM64
		{95655EC7-6414-4025-A765-095840F7C8DB}.Debug|ARM64.Deploy.0 = Debug|ARM64
		{95655EC7-6414-4025-A765-095840F7C8DB}.Debug|x64.ActiveCfg = Debug|x64
		{95655EC7-6414-4025-A765-095840F7C8DB}.Debug|x64.Build.0 = Debug|x64
		{95655EC7-6414-4025-A765-095840F7C8DB}.Debug|x64.Deploy.0 = Debug|x64
		{95655EC7-6414-4025-A765-095840F7C8DB}.Debug|x86.ActiveCfg = Debug|Win32
		{95655EC7-6414-4025-A765-095840F7C8DB}.Debug|x86.Build.0 = Debug|Win32
		{95655EC7-6414-4025-A765-095840F7C8DB}.Debug|x86.Deploy.0 = Debug|Win32
		{95655EC7-6414-4025-A765-095840F7C8DB}.Release|ARM.ActiveCfg = Release|ARM
		{95655EC7-6414-4025-A765-095840F7C8DB}.Release|ARM.Build.0 = Release|ARM
		{95655EC7-6414-4025-A765-095840F7C8DB}.Release|ARM.Deploy.0 = Release|ARM
		{95655EC7-6414-4025-A765-095840F7C8DB}.Release|ARM64.ActiveCfg = Release|ARM64
		{95655EC7-6414-4025-A765-095840F7C8DB}.Release|ARM64.Build.0 = Release|ARM64
		{95655EC7-6414-4025-A765-095840F7C8DB}.Release|ARM64.Deploy.0 = Release|ARM64
		{95655EC7-6414-4025-A765-095840F7C8DB}.Release|x64.ActiveCfg = Release|x64
		{95655EC7-6414-4025-A765-095840F7C8DB}.Release|x64.Build.0 = Release|x64
		{95655EC7-6414-4025-A765-095840F7C8DB}.Release|x64.Deploy.0 = Release|x64
		{95655EC7-6414-4025-A765-095840F7C8DB}.Release|x86.ActiveCfg = Release|Win32
		{95655EC7-6414-4025-A765-095840F7C8DB}.Release|x86.Build.0 = Release|Win32
		{95655EC7-6414-4025-A765-095840F7C8DB}.Release|x86.Deploy.0 = Release|Win32
		{B421A9E9-0615-4F55-B6A8-C71C2AA4DCC7}.Debug|ARM.ActiveCfg = Debug|ARM
		{B421A9E9-0615-4F55-B6A8-C71C2AA4DCC7}.Debug|ARM.Build.0 = Debug|ARM
		{B421A9E9-0615-4F55-B6A8-C71C2AA4DCC7}.Debug|ARM.Deploy.0 = Debug|ARM
		{B421A9E9-0615-4F55-B6A8-C71C2AA4DCC7}.Debug|ARM64.ActiveCfg = Debug|ARM64
		{B421A9E9-0615-4F55-B6A8-C71C2AA4DCC7}.Debug|ARM64.Build.0 = Debug|ARM64
		{B421A9E9-0615-4F55-B6A8-C71C2AA4DCC7}.Debug|ARM64.Deploy.0 = Debug|ARM64
		{B421A9E9-0615-4F55-B6A8-C71C2AA4DCC7}.Debug|x64.ActiveCfg = Debug|x64
		{B421A9E9-0615-4F55-B6A8-C71C2AA4DCC7}.Debug|x64.Build.0 = Debug|x64
		{B421A9E9-0615-4F55-B6A8-C71C2AA4DCC7}.Debug|x64.Deploy.0 = Debug|x64
		{B421A9E9-0615-4F55-B6A8-C71C2AA4DCC7}.Debug|x86.ActiveCfg = Debug|Win32
		{B421A9E9-0615-4F55-B6A8-C71C2AA4DCC7}.Debug|x86.Build.0 = Debug|Win32
		{B421A9E9-0615-4F55-B6A8-C71C2AA4DCC7}.Debug|x86.Deploy.0 = Debug|Win32
		{B421A9E9-0615-4F55-B6A8-C71C2AA4DCC7}.Release|ARM.ActiveCfg = Release|ARM
		{B421A9E9-0615-4F55-B6A8-C71C2AA4DCC7}.Release|ARM.Build.0 = Release|ARM
		{B421A9E9-0615-4F55-B6A8-C71C2AA4DCC7}.Release|ARM.Deploy.0 = Release|ARM
		{B421A9E9-0615-4F55-B6A8-C71C2AA4DCC7}.Release|ARM64.ActiveCfg = Release|ARM64
		{B421A9E9-0615-4F55-B6A8-C71C2AA4DCC7}.Release|ARM64.Build.0 = Release|ARM64
		{B421A9E9-0615-4F55-B6A8-C71C2AA4DCC7}.Release|ARM64.Deploy.0 = Release|ARM64
		{B421A9E9-0615-4F55-B6A8-C71C2AA4DCC7}.Release|x64.ActiveCfg = Release|x64
		{B421A9E9-0615-4F55-B6A8-C71C2AA4DCC7}.Release|x64.Build.0 = Release|x64
		{B421A9E9-0615-4F55-B6A8-C71C2AA4DCC7}.Release|x64.Deploy.0 = Release|x64
		{B421A9E9-0615-4F55-B6A8-C71C2AA4DCC7}.Release|x86.ActiveCfg = Release|Win32
		{B421A9E9-0615-4F55-B6A8-C71C2AA4DCC7}.Release|x86.Build.0 = Release|Win32
		{B421A9E9-0615-4F55-B6A8-C71C2AA4DCC7}.Release|x86.Deploy.0 = Release|Win32
		{029FE2E6-3AE8-418B-BD52-7D691CC14741}.Debug|ARM.ActiveCfg = Debug|ARM
		{029FE2E6-3AE8-418B-BD52-7D691CC14741}.Debug|ARM.Build.0 = Debug|ARM
		{029FE2E6-3AE8-418B-BD52-7D691CC14741}.Debug|ARM.Deploy.0 = Debug|ARM
		{029FE2E6-3AE8-418B-BD52-7D691CC14741}.Debug|ARM64.ActiveCfg = Debug|ARM64
		{029FE2E6-3AE8-418B-BD52-7D691CC14741}.Debug|ARM64.Build.0 = Debug|ARM64
		{029FE2E6-3AE8-418B-BD52-7D691CC14741}.Debug|ARM64.Deploy.0 = Debug|ARM64
		{029FE2E6-3AE8-418B-BD52-7D691CC14741}.Debug|x64.ActiveCfg = Debug|x64
		{029FE2E6-3AE8-418B-BD52-7D691CC14741}.Debug|x64.Build.0 = Debug|x64
		{029FE2E6-3AE8-418B-BD52-7D691CC14741}.Debug|x64.Deploy.0 = Debug|x64
		{029FE2E6-3AE8-418B-BD52-7D691CC14741}.Debug|x86.ActiveCfg = Debug|Win32
		{029FE2E6-3AE8-418B-BD52-7D691CC14741}.Debug|x86.Build.0 = Debug|Win32
		{029FE2E6-3AE8-418B-BD52-7D691CC14741}.Debug|x86.Deploy.0 = Debug|Win32
		{029FE2E6-3AE8-418B-BD52-7D691CC14741}.Release|ARM.ActiveCfg = Release|ARM
		{029FE2E6-3AE8-418B-BD52-7D691CC14741}.Release|ARM.Build.0 = Release|ARM
		{029FE2E6-3AE8-418B-BD52-7D691CC14741}.Release|ARM.Deploy.0 = Release|ARM
		{029FE2E6-3AE8-418B-BD52-7D691CC14741}.Release|ARM64.ActiveCfg = Release|ARM64
		{029FE2E6-3AE8-418B-BD52-7D691CC14741}.Release|ARM64.Build.0 = Release|ARM64
		{029FE2E6-3AE8-418B-BD52-7D691CC14741}.Release|ARM64.Deploy.0 = Release|ARM64
		{029FE2E6-3AE8-418B-BD52-7D691CC14741}.Release|x64.ActiveCfg = Release|x64
		{029FE2E6-3AE8-418B-BD52-7D691CC14741}.Release|x64.Build.0 = Release|x64
		{029FE2E6-3AE8-418B-BD52-7D691CC14741}.Release|x64.Deploy.0 = Release|x64
		{029FE2E6-3AE8-418B-BD52-7D691CC14741}.Release|x86.ActiveCfg = Release|Win32
		{029FE2E6-3AE8-418B-BD52-7D691CC14741}.Release|x86.Build.0 = Release|Win32
		{029FE2E6-3AE8-418B-BD52-7D691CC14741}.Release|x86.Deploy.0 = Release|Win32
		{24ECC723-717B-4057-8DAB-461A05A02515}.Debug|ARM.ActiveCfg = Debug|ARM
		{24ECC723-717B-4057-8DAB-461A05A02515}.Debug|ARM.Build.0 = Debug|ARM
		{24ECC723-717B-4057-8DAB-461A05A02515}.Debug|ARM.Deploy.0 = Debug|ARM
		{24ECC723-717B-4057-8DAB-461A05A02515}.Debug|ARM64.ActiveCfg = Debug|ARM64
		{24ECC723-717B-4057-8DAB-461A05A02515}.Debug|ARM64.Build.0 = Debug|ARM64
		{24ECC723-717B-4057-8DAB-461A05A02515}.Debug|ARM64.Deploy.0 = Debug|ARM64
		{24ECC723-717B-4057-8DAB-461A05A02515}.Debug|x64.ActiveCfg = Debug|x64
		{24ECC723-717B-4057-8DAB-461A05A02515}.Debug|x64.Build.0 = Debug|x64
		{24ECC723-717B-4057-8DAB-461A05A02515}.Debug|x64.Deploy.0 = Debug|x64
		{24ECC723-717B-4057-8DAB-461A05A02515}.Debug|x86.ActiveCfg = Debug|Win32
		{24ECC723-717B-4057-8DAB-461A05A02515}.Debug|x86.Build.0 = Debug|Win32
		{24ECC723-717B-4057-8DAB-461A05A02515}.Debug|x86.Deploy.0 = Debug|Win32
		{24ECC723-717B-4057-8DAB-461A05A02515}.Release|ARM.ActiveCfg = Release|ARM
		{24ECC723-717B-4057-8DAB-461A05A02515}.Release|ARM.Build.0 = Release|ARM
		{24ECC723-717B-4057-8DAB-461A05A02515}.Release|ARM.Deploy.0 = Release|ARM
		{24ECC723-717B-4057-8DAB-461A05A02515}.Release|ARM64.ActiveCfg = Release|ARM64
		{24ECC723-717B-4057-8DAB-461A05A02515}.Release|ARM64.Build.0 = Release|ARM64
		{24ECC723-717B-4057-8DAB-461A05A02515}.Release|ARM64.Deploy.0 = Release|ARM64
		{24ECC723-717B-4057-8DAB-461A05A02515}.Release|x64.ActiveCfg = Release|x64
		{24ECC723-717B-4057-8DAB-461A05A02515}.Release|x64.Build.0 = Release|x64
		{24ECC723-717B-4057-8DAB-461A05A02515}.Release|x64.Deploy.0 = Release|x64
		{24ECC723-717B-4057-8DAB-461A05A02515}.Release|x86.ActiveCfg = Release|Win32
		{24ECC723-717B-4057-8DAB-461A05A02515}.Release|x86.Build.0 = Release|Win32
		{24ECC723-717B-4057-8DAB-461A05A02515}.Release|x86.Deploy.0 = Release|Win32
		{BD49A0AE-79DA-4BBA-9852-651D715E1320}.Debug|ARM.ActiveCfg = Debug|ARM
		{BD49A0AE-79DA-4BBA-9852-651D715E1320}.Debug|ARM.Build.0 = Debug|ARM
		{BD49A0AE-79DA-4BBA-9852-651D715E1320}.Debug|ARM.Deploy.0 = Debug|ARM
		{BD49A0AE-79DA-4BBA-9852-651D715E1320}.Debug|ARM64.ActiveCfg = Debug|ARM64
		{BD49A0AE-79DA-4BBA-9852-651D715E1320}.Debug|ARM64.Build.0 = Debug|ARM64
		{BD49A0AE-79DA-4BBA-9852-651D715E1320}.Debug|ARM64.Deploy.0 = Debug|ARM64
		{BD49A0AE-79DA-4BBA-9852-651D715E1320}.Debug|x64.ActiveCfg = Debug|x64
		{BD49A0AE-79DA-4BBA-9852-651D715E1320}.Debug|x64.Build.0 = Debug|x64
		{BD49A0AE-79DA-4BBA-9852-651D715E1320}.Debug|x64.Deploy.0 = Debug|x64
		{BD49A0AE-79DA-4BBA-9852-651D715E1320}.Debug|x86.ActiveCfg = Debug|Win32
		{BD49A0AE-79DA-4BBA-9852-651D715E1320}.Debug|x86.Build.0 = Debug|Win32
		{BD49A0AE-79DA-4BBA-9852-651D715E1320}.Debug|x86.Deploy.0 = Debug|Win32
		{BD49A0AE-79DA-4BBA-9852-651D715E1320}.Release|ARM.ActiveCfg = Release|ARM
		{BD49A0AE-79DA-4BBA-9852-651D715E1320}.Release|ARM.Build.0 = Release|ARM
		{BD49A0AE-79DA-4BBA-9852-651D715E1320}.Release|ARM.Deploy.0 = Release|ARM
		{BD49A0AE-79DA-4BBA-9852-651D715E1320}.Release|ARM64.ActiveCfg = Release|ARM64
		{BD49A0AE-79DA-4BBA-9852-651D715E1320}.Release|ARM64.Build.0 = Release|ARM64
		{BD49A0AE-79DA-4BBA-9852-651D715E1320}.Release|ARM64.Deploy.0 = Release|ARM64
		{BD49A0AE-79DA-4BBA-9852-651D715E1320}.Release|x64.ActiveCfg = Release|x64
		{BD49A0AE-79DA-4BBA-9852-651D715E1320}.Release|x64.Build.0 = Release|x64
		{BD49A0AE-79DA-4BBA-9852-651D715E1320}.Release|x64.Deploy.0 = Release|x64
		{BD49A0AE-79DA-4BBA-9852-651D715E1320}.Release|x86.ActiveCfg = Release|Win32
		{BD49A0AE-79DA-4BBA-9852-651D715E1320}.Release|x86.Build.0 = Release|Win32
		{BD49A0AE-79DA-4BBA-9852-651D715E1320}.Release|x86.Deploy.0 = Release|Win32
	EndGlobalSection
	GlobalSection(SolutionProperties) = preSolution
		HideSolutionNode = FALSE
	EndGlobalSection
	GlobalSection(ExtensibilityGlobals) = postSolution
		SolutionGuid = {7F73471B-7E85-4875-85AA-D424467C9714}
	EndGlobalSection
EndGlobal
