
Microsoft Visual Studio Solution File, Format Version 12.00
# Visual Studio 15
VisualStudioVersion = 15.0.27703.2000
MinimumVisualStudioVersion = 10.0.40219.1
Project("{8BC9CEB8-8B4A-11D0-8D11-00A0C91BC942}") = "Driver_02_24", "Driver_02_24\Driver_02_24.vcxproj", "{D8315E24-561E-4242-827F-294F7B1F6245}"
EndProject
Project("{8BC9CEB8-8B4A-11D0-8D11-00A0C91BC942}") = "Communication_ring0", "Communication_ring0\Communication_ring0.vcxproj", "{6D1DB11E-F917-4D61-85E6-8E77FA69F4EB}"
EndProject
Project("{8BC9CEB8-8B4A-11D0-8D11-00A0C91BC942}") = "FileOper", "FileOper\FileOper.vcxproj", "{5CC0FA46-2691-4DF7-B4D8-1C7114CDA635}"
EndProject
Project("{8BC9CEB8-8B4A-11D0-8D11-00A0C91BC942}") = "ProcessOper", "ProcessOper\ProcessOper.vcxproj", "{0C92958C-6F7F-4A08-9C87-9D97CF752762}"
EndProject
Global
	GlobalSection(SolutionConfigurationPlatforms) = preSolution
		Debug|ARM = Debug|ARM
		Debug|ARM64 = Debug|ARM64
		Debug|x64 = Debug|x64
		Debug|x86 = Debug|x86
		Release|ARM = Release|ARM
		Release|ARM64 = Release|ARM64
		Release|x64 = Release|x64
		Release|x86 = Release|x86
	EndGlobalSection
	GlobalSection(ProjectConfigurationPlatforms) = postSolution
		{D8315E24-561E-4242-827F-294F7B1F6245}.Debug|ARM.ActiveCfg = Debug|ARM
		{D8315E24-561E-4242-827F-294F7B1F6245}.Debug|ARM.Build.0 = Debug|ARM
		{D8315E24-561E-4242-827F-294F7B1F6245}.Debug|ARM.Deploy.0 = Debug|ARM
		{D8315E24-561E-4242-827F-294F7B1F6245}.Debug|ARM64.ActiveCfg = Debug|ARM64
		{D8315E24-561E-4242-827F-294F7B1F6245}.Debug|ARM64.Build.0 = Debug|ARM64
		{D8315E24-561E-4242-827F-294F7B1F6245}.Debug|ARM64.Deploy.0 = Debug|ARM64
		{D8315E24-561E-4242-827F-294F7B1F6245}.Debug|x64.ActiveCfg = Debug|x64
		{D8315E24-561E-4242-827F-294F7B1F6245}.Debug|x64.Build.0 = Debug|x64
		{D8315E24-561E-4242-827F-294F7B1F6245}.Debug|x64.Deploy.0 = Debug|x64
		{D8315E24-561E-4242-827F-294F7B1F6245}.Debug|x86.ActiveCfg = Debug|Win32
		{D8315E24-561E-4242-827F-294F7B1F6245}.Debug|x86.Build.0 = Debug|Win32
		{D8315E24-561E-4242-827F-294F7B1F6245}.Debug|x86.Deploy.0 = Debug|Win32
		{D8315E24-561E-4242-827F-294F7B1F6245}.Release|ARM.ActiveCfg = Release|ARM
		{D8315E24-561E-4242-827F-294F7B1F6245}.Release|ARM.Build.0 = Release|ARM
		{D8315E24-561E-4242-827F-294F7B1F6245}.Release|ARM.Deploy.0 = Release|ARM
		{D8315E24-561E-4242-827F-294F7B1F6245}.Release|ARM64.ActiveCfg = Release|ARM64
		{D8315E24-561E-4242-827F-294F7B1F6245}.Release|ARM64.Build.0 = Release|ARM64
		{D8315E24-561E-4242-827F-294F7B1F6245}.Release|ARM64.Deploy.0 = Release|ARM64
		{D8315E24-561E-4242-827F-294F7B1F6245}.Release|x64.ActiveCfg = Release|x64
		{D8315E24-561E-4242-827F-294F7B1F6245}.Release|x64.Build.0 = Release|x64
		{D8315E24-561E-4242-827F-294F7B1F6245}.Release|x64.Deploy.0 = Release|x64
		{D8315E24-561E-4242-827F-294F7B1F6245}.Release|x86.ActiveCfg = Release|Win32
		{D8315E24-561E-4242-827F-294F7B1F6245}.Release|x86.Build.0 = Release|Win32
		{D8315E24-561E-4242-827F-294F7B1F6245}.Release|x86.Deploy.0 = Release|Win32
		{6D1DB11E-F917-4D61-85E6-8E77FA69F4EB}.Debug|ARM.ActiveCfg = Debug|ARM
		{6D1DB11E-F917-4D61-85E6-8E77FA69F4EB}.Debug|ARM.Build.0 = Debug|ARM
		{6D1DB11E-F917-4D61-85E6-8E77FA69F4EB}.Debug|ARM.Deploy.0 = Debug|ARM
		{6D1DB11E-F917-4D61-85E6-8E77FA69F4EB}.Debug|ARM64.ActiveCfg = Debug|ARM64
		{6D1DB11E-F917-4D61-85E6-8E77FA69F4EB}.Debug|ARM64.Build.0 = Debug|ARM64
		{6D1DB11E-F917-4D61-85E6-8E77FA69F4EB}.Debug|ARM64.Deploy.0 = Debug|ARM64
		{6D1DB11E-F917-4D61-85E6-8E77FA69F4EB}.Debug|x64.ActiveCfg = Debug|x64
		{6D1DB11E-F917-4D61-85E6-8E77FA69F4EB}.Debug|x64.Build.0 = Debug|x64
		{6D1DB11E-F917-4D61-85E6-8E77FA69F4EB}.Debug|x64.Deploy.0 = Debug|x64
		{6D1DB11E-F917-4D61-85E6-8E77FA69F4EB}.Debug|x86.ActiveCfg = Debug|Win32
		{6D1DB11E-F917-4D61-85E6-8E77FA69F4EB}.Debug|x86.Build.0 = Debug|Win32
		{6D1DB11E-F917-4D61-85E6-8E77FA69F4EB}.Debug|x86.Deploy.0 = Debug|Win32
		{6D1DB11E-F917-4D61-85E6-8E77FA69F4EB}.Release|ARM.ActiveCfg = Release|ARM
		{6D1DB11E-F917-4D61-85E6-8E77FA69F4EB}.Release|ARM.Build.0 = Release|ARM
		{6D1DB11E-F917-4D61-85E6-8E77FA69F4EB}.Release|ARM.Deploy.0 = Release|ARM
		{6D1DB11E-F917-4D61-85E6-8E77FA69F4EB}.Release|ARM64.ActiveCfg = Release|ARM64
		{6D1DB11E-F917-4D61-85E6-8E77FA69F4EB}.Release|ARM64.Build.0 = Release|ARM64
		{6D1DB11E-F917-4D61-85E6-8E77FA69F4EB}.Release|ARM64.Deploy.0 = Release|ARM64
		{6D1DB11E-F917-4D61-85E6-8E77FA69F4EB}.Release|x64.ActiveCfg = Release|x64
		{6D1DB11E-F917-4D61-85E6-8E77FA69F4EB}.Release|x64.Build.0 = Release|x64
		{6D1DB11E-F917-4D61-85E6-8E77FA69F4EB}.Release|x64.Deploy.0 = Release|x64
		{6D1DB11E-F917-4D61-85E6-8E77FA69F4EB}.Release|x86.ActiveCfg = Release|Win32
		{6D1DB11E-F917-4D61-85E6-8E77FA69F4EB}.Release|x86.Build.0 = Release|Win32
		{6D1DB11E-F917-4D61-85E6-8E77FA69F4EB}.Release|x86.Deploy.0 = Release|Win32
		{5CC0FA46-2691-4DF7-B4D8-1C7114CDA635}.Debug|ARM.ActiveCfg = Debug|ARM
		{5CC0FA46-2691-4DF7-B4D8-1C7114CDA635}.Debug|ARM.Build.0 = Debug|ARM
		{5CC0FA46-2691-4DF7-B4D8-1C7114CDA635}.Debug|ARM.Deploy.0 = Debug|ARM
		{5CC0FA46-2691-4DF7-B4D8-1C7114CDA635}.Debug|ARM64.ActiveCfg = Debug|ARM64
		{5CC0FA46-2691-4DF7-B4D8-1C7114CDA635}.Debug|ARM64.Build.0 = Debug|ARM64
		{5CC0FA46-2691-4DF7-B4D8-1C7114CDA635}.Debug|ARM64.Deploy.0 = Debug|ARM64
		{5CC0FA46-2691-4DF7-B4D8-1C7114CDA635}.Debug|x64.ActiveCfg = Debug|x64
		{5CC0FA46-2691-4DF7-B4D8-1C7114CDA635}.Debug|x64.Build.0 = Debug|x64
		{5CC0FA46-2691-4DF7-B4D8-1C7114CDA635}.Debug|x64.Deploy.0 = Debug|x64
		{5CC0FA46-2691-4DF7-B4D8-1C7114CDA635}.Debug|x86.ActiveCfg = Debug|Win32
		{5CC0FA46-2691-4DF7-B4D8-1C7114CDA635}.Debug|x86.Build.0 = Debug|Win32
		{5CC0FA46-2691-4DF7-B4D8-1C7114CDA635}.Debug|x86.Deploy.0 = Debug|Win32
		{5CC0FA46-2691-4DF7-B4D8-1C7114CDA635}.Release|ARM.ActiveCfg = Release|ARM
		{5CC0FA46-2691-4DF7-B4D8-1C7114CDA635}.Release|ARM.Build.0 = Release|ARM
		{5CC0FA46-2691-4DF7-B4D8-1C7114CDA635}.Release|ARM.Deploy.0 = Release|ARM
		{5CC0FA46-2691-4DF7-B4D8-1C7114CDA635}.Release|ARM64.ActiveCfg = Release|ARM64
		{5CC0FA46-2691-4DF7-B4D8-1C7114CDA635}.Release|ARM64.Build.0 = Release|ARM64
		{5CC0FA46-2691-4DF7-B4D8-1C7114CDA635}.Release|ARM64.Deploy.0 = Release|ARM64
		{5CC0FA46-2691-4DF7-B4D8-1C7114CDA635}.Release|x64.ActiveCfg = Release|x64
		{5CC0FA46-2691-4DF7-B4D8-1C7114CDA635}.Release|x64.Build.0 = Release|x64
		{5CC0FA46-2691-4DF7-B4D8-1C7114CDA635}.Release|x64.Deploy.0 = Release|x64
		{5CC0FA46-2691-4DF7-B4D8-1C7114CDA635}.Release|x86.ActiveCfg = Release|Win32
		{5CC0FA46-2691-4DF7-B4D8-1C7114CDA635}.Release|x86.Build.0 = Release|Win32
		{5CC0FA46-2691-4DF7-B4D8-1C7114CDA635}.Release|x86.Deploy.0 = Release|Win32
		{0C92958C-6F7F-4A08-9C87-9D97CF752762}.Debug|ARM.ActiveCfg = Debug|ARM
		{0C92958C-6F7F-4A08-9C87-9D97CF752762}.Debug|ARM.Build.0 = Debug|ARM
		{0C92958C-6F7F-4A08-9C87-9D97CF752762}.Debug|ARM.Deploy.0 = Debug|ARM
		{0C92958C-6F7F-4A08-9C87-9D97CF752762}.Debug|ARM64.ActiveCfg = Debug|ARM64
		{0C92958C-6F7F-4A08-9C87-9D97CF752762}.Debug|ARM64.Build.0 = Debug|ARM64
		{0C92958C-6F7F-4A08-9C87-9D97CF752762}.Debug|ARM64.Deploy.0 = Debug|ARM64
		{0C92958C-6F7F-4A08-9C87-9D97CF752762}.Debug|x64.ActiveCfg = Debug|x64
		{0C92958C-6F7F-4A08-9C87-9D97CF752762}.Debug|x64.Build.0 = Debug|x64
		{0C92958C-6F7F-4A08-9C87-9D97CF752762}.Debug|x64.Deploy.0 = Debug|x64
		{0C92958C-6F7F-4A08-9C87-9D97CF752762}.Debug|x86.ActiveCfg = Debug|Win32
		{0C92958C-6F7F-4A08-9C87-9D97CF752762}.Debug|x86.Build.0 = Debug|Win32
		{0C92958C-6F7F-4A08-9C87-9D97CF752762}.Debug|x86.Deploy.0 = Debug|Win32
		{0C92958C-6F7F-4A08-9C87-9D97CF752762}.Release|ARM.ActiveCfg = Release|ARM
		{0C92958C-6F7F-4A08-9C87-9D97CF752762}.Release|ARM.Build.0 = Release|ARM
		{0C92958C-6F7F-4A08-9C87-9D97CF752762}.Release|ARM.Deploy.0 = Release|ARM
		{0C92958C-6F7F-4A08-9C87-9D97CF752762}.Release|ARM64.ActiveCfg = Release|ARM64
		{0C92958C-6F7F-4A08-9C87-9D97CF752762}.Release|ARM64.Build.0 = Release|ARM64
		{0C92958C-6F7F-4A08-9C87-9D97CF752762}.Release|ARM64.Deploy.0 = Release|ARM64
		{0C92958C-6F7F-4A08-9C87-9D97CF752762}.Release|x64.ActiveCfg = Release|x64
		{0C92958C-6F7F-4A08-9C87-9D97CF752762}.Release|x64.Build.0 = Release|x64
		{0C92958C-6F7F-4A08-9C87-9D97CF752762}.Release|x64.Deploy.0 = Release|x64
		{0C92958C-6F7F-4A08-9C87-9D97CF752762}.Release|x86.ActiveCfg = Release|Win32
		{0C92958C-6F7F-4A08-9C87-9D97CF752762}.Release|x86.Build.0 = Release|Win32
		{0C92958C-6F7F-4A08-9C87-9D97CF752762}.Release|x86.Deploy.0 = Release|Win32
	EndGlobalSection
	GlobalSection(SolutionProperties) = preSolution
		HideSolutionNode = FALSE
	EndGlobalSection
	GlobalSection(ExtensibilityGlobals) = postSolution
		SolutionGuid = {0EDA2359-3AE9-42DC-A0A6-D4D946A57601}
	EndGlobalSection
EndGlobal
