
Microsoft Visual Studio Solution File, Format Version 12.00
# Visual Studio 15
VisualStudioVersion = 15.0.27703.2000
MinimumVisualStudioVersion = 10.0.40219.1
Project("{8BC9CEB8-8B4A-11D0-8D11-00A0C91BC942}") = "Driver_04_24", "Driver_04_24\Driver_04_24.vcxproj", "{24019F6F-E618-42F3-8E12-B1C2BADE75DE}"
EndProject
Project("{8BC9CEB8-8B4A-11D0-8D11-00A0C91BC942}") = "ConsoleApplication1", "ConsoleApplication1\ConsoleApplication1.vcxproj", "{14F895BC-C063-4C85-9183-473BD1BEDEB8}"
EndProject
Project("{8BC9CEB8-8B4A-11D0-8D11-00A0C91BC942}") = "SysEnter-Hook", "SysEnter-Hook\SysEnter-Hook.vcxproj", "{4EF4FD8E-3FE5-4E67-86E1-79A68B4EEDAA}"
EndProject
Project("{8BC9CEB8-8B4A-11D0-8D11-00A0C91BC942}") = "SSDT-Hook", "SSDT-Hook\SSDT-Hook.vcxproj", "{050A6E79-8016-43F8-A14D-75B92BCB4EFA}"
EndProject
Project("{8BC9CEB8-8B4A-11D0-8D11-00A0C91BC942}") = "KernelReload", "KernelReload\KernelReload.vcxproj", "{CFEECB53-32E5-4B4A-AFD8-8B60856041DF}"
EndProject
Global
	GlobalSection(SolutionConfigurationPlatforms) = preSolution
		Debug|ARM = Debug|ARM
		Debug|ARM64 = Debug|ARM64
		Debug|x64 = Debug|x64
		Debug|x86 = Debug|x86
		Release|ARM = Release|ARM
		Release|ARM64 = Release|ARM64
		Release|x64 = Release|x64
		Release|x86 = Release|x86
	EndGlobalSection
	GlobalSection(ProjectConfigurationPlatforms) = postSolution
		{24019F6F-E618-42F3-8E12-B1C2BADE75DE}.Debug|ARM.ActiveCfg = Debug|ARM
		{24019F6F-E618-42F3-8E12-B1C2BADE75DE}.Debug|ARM.Build.0 = Debug|ARM
		{24019F6F-E618-42F3-8E12-B1C2BADE75DE}.Debug|ARM.Deploy.0 = Debug|ARM
		{24019F6F-E618-42F3-8E12-B1C2BADE75DE}.Debug|ARM64.ActiveCfg = Debug|ARM64
		{24019F6F-E618-42F3-8E12-B1C2BADE75DE}.Debug|ARM64.Build.0 = Debug|ARM64
		{24019F6F-E618-42F3-8E12-B1C2BADE75DE}.Debug|ARM64.Deploy.0 = Debug|ARM64
		{24019F6F-E618-42F3-8E12-B1C2BADE75DE}.Debug|x64.ActiveCfg = Debug|x64
		{24019F6F-E618-42F3-8E12-B1C2BADE75DE}.Debug|x64.Build.0 = Debug|x64
		{24019F6F-E618-42F3-8E12-B1C2BADE75DE}.Debug|x64.Deploy.0 = Debug|x64
		{24019F6F-E618-42F3-8E12-B1C2BADE75DE}.Debug|x86.ActiveCfg = Debug|Win32
		{24019F6F-E618-42F3-8E12-B1C2BADE75DE}.Debug|x86.Build.0 = Debug|Win32
		{24019F6F-E618-42F3-8E12-B1C2BADE75DE}.Debug|x86.Deploy.0 = Debug|Win32
		{24019F6F-E618-42F3-8E12-B1C2BADE75DE}.Release|ARM.ActiveCfg = Release|ARM
		{24019F6F-E618-42F3-8E12-B1C2BADE75DE}.Release|ARM.Build.0 = Release|ARM
		{24019F6F-E618-42F3-8E12-B1C2BADE75DE}.Release|ARM.Deploy.0 = Release|ARM
		{24019F6F-E618-42F3-8E12-B1C2BADE75DE}.Release|ARM64.ActiveCfg = Release|ARM64
		{24019F6F-E618-42F3-8E12-B1C2BADE75DE}.Release|ARM64.Build.0 = Release|ARM64
		{24019F6F-E618-42F3-8E12-B1C2BADE75DE}.Release|ARM64.Deploy.0 = Release|ARM64
		{24019F6F-E618-42F3-8E12-B1C2BADE75DE}.Release|x64.ActiveCfg = Release|x64
		{24019F6F-E618-42F3-8E12-B1C2BADE75DE}.Release|x64.Build.0 = Release|x64
		{24019F6F-E618-42F3-8E12-B1C2BADE75DE}.Release|x64.Deploy.0 = Release|x64
		{24019F6F-E618-42F3-8E12-B1C2BADE75DE}.Release|x86.ActiveCfg = Release|Win32
		{24019F6F-E618-42F3-8E12-B1C2BADE75DE}.Release|x86.Build.0 = Release|Win32
		{24019F6F-E618-42F3-8E12-B1C2BADE75DE}.Release|x86.Deploy.0 = Release|Win32
		{14F895BC-C063-4C85-9183-473BD1BEDEB8}.Debug|ARM.ActiveCfg = Debug|Win32
		{14F895BC-C063-4C85-9183-473BD1BEDEB8}.Debug|ARM64.ActiveCfg = Debug|Win32
		{14F895BC-C063-4C85-9183-473BD1BEDEB8}.Debug|x64.ActiveCfg = Debug|x64
		{14F895BC-C063-4C85-9183-473BD1BEDEB8}.Debug|x64.Build.0 = Debug|x64
		{14F895BC-C063-4C85-9183-473BD1BEDEB8}.Debug|x86.ActiveCfg = Debug|Win32
		{14F895BC-C063-4C85-9183-473BD1BEDEB8}.Debug|x86.Build.0 = Debug|Win32
		{14F895BC-C063-4C85-9183-473BD1BEDEB8}.Release|ARM.ActiveCfg = Release|Win32
		{14F895BC-C063-4C85-9183-473BD1BEDEB8}.Release|ARM64.ActiveCfg = Release|Win32
		{14F895BC-C063-4C85-9183-473BD1BEDEB8}.Release|x64.ActiveCfg = Release|x64
		{14F895BC-C063-4C85-9183-473BD1BEDEB8}.Release|x64.Build.0 = Release|x64
		{14F895BC-C063-4C85-9183-473BD1BEDEB8}.Release|x86.ActiveCfg = Release|Win32
		{14F895BC-C063-4C85-9183-473BD1BEDEB8}.Release|x86.Build.0 = Release|Win32
		{4EF4FD8E-3FE5-4E67-86E1-79A68B4EEDAA}.Debug|ARM.ActiveCfg = Debug|ARM
		{4EF4FD8E-3FE5-4E67-86E1-79A68B4EEDAA}.Debug|ARM.Build.0 = Debug|ARM
		{4EF4FD8E-3FE5-4E67-86E1-79A68B4EEDAA}.Debug|ARM.Deploy.0 = Debug|ARM
		{4EF4FD8E-3FE5-4E67-86E1-79A68B4EEDAA}.Debug|ARM64.ActiveCfg = Debug|ARM64
		{4EF4FD8E-3FE5-4E67-86E1-79A68B4EEDAA}.Debug|ARM64.Build.0 = Debug|ARM64
		{4EF4FD8E-3FE5-4E67-86E1-79A68B4EEDAA}.Debug|ARM64.Deploy.0 = Debug|ARM64
		{4EF4FD8E-3FE5-4E67-86E1-79A68B4EEDAA}.Debug|x64.ActiveCfg = Debug|x64
		{4EF4FD8E-3FE5-4E67-86E1-79A68B4EEDAA}.Debug|x64.Build.0 = Debug|x64
		{4EF4FD8E-3FE5-4E67-86E1-79A68B4EEDAA}.Debug|x64.Deploy.0 = Debug|x64
		{4EF4FD8E-3FE5-4E67-86E1-79A68B4EEDAA}.Debug|x86.ActiveCfg = Debug|Win32
		{4EF4FD8E-3FE5-4E67-86E1-79A68B4EEDAA}.Debug|x86.Build.0 = Debug|Win32
		{4EF4FD8E-3FE5-4E67-86E1-79A68B4EEDAA}.Debug|x86.Deploy.0 = Debug|Win32
		{4EF4FD8E-3FE5-4E67-86E1-79A68B4EEDAA}.Release|ARM.ActiveCfg = Release|ARM
		{4EF4FD8E-3FE5-4E67-86E1-79A68B4EEDAA}.Release|ARM.Build.0 = Release|ARM
		{4EF4FD8E-3FE5-4E67-86E1-79A68B4EEDAA}.Release|ARM.Deploy.0 = Release|ARM
		{4EF4FD8E-3FE5-4E67-86E1-79A68B4EEDAA}.Release|ARM64.ActiveCfg = Release|ARM64
		{4EF4FD8E-3FE5-4E67-86E1-79A68B4EEDAA}.Release|ARM64.Build.0 = Release|ARM64
		{4EF4FD8E-3FE5-4E67-86E1-79A68B4EEDAA}.Release|ARM64.Deploy.0 = Release|ARM64
		{4EF4FD8E-3FE5-4E67-86E1-79A68B4EEDAA}.Release|x64.ActiveCfg = Release|x64
		{4EF4FD8E-3FE5-4E67-86E1-79A68B4EEDAA}.Release|x64.Build.0 = Release|x64
		{4EF4FD8E-3FE5-4E67-86E1-79A68B4EEDAA}.Release|x64.Deploy.0 = Release|x64
		{4EF4FD8E-3FE5-4E67-86E1-79A68B4EEDAA}.Release|x86.ActiveCfg = Release|Win32
		{4EF4FD8E-3FE5-4E67-86E1-79A68B4EEDAA}.Release|x86.Build.0 = Release|Win32
		{4EF4FD8E-3FE5-4E67-86E1-79A68B4EEDAA}.Release|x86.Deploy.0 = Release|Win32
		{050A6E79-8016-43F8-A14D-75B92BCB4EFA}.Debug|ARM.ActiveCfg = Debug|ARM
		{050A6E79-8016-43F8-A14D-75B92BCB4EFA}.Debug|ARM.Build.0 = Debug|ARM
		{050A6E79-8016-43F8-A14D-75B92BCB4EFA}.Debug|ARM.Deploy.0 = Debug|ARM
		{050A6E79-8016-43F8-A14D-75B92BCB4EFA}.Debug|ARM64.ActiveCfg = Debug|ARM64
		{050A6E79-8016-43F8-A14D-75B92BCB4EFA}.Debug|ARM64.Build.0 = Debug|ARM64
		{050A6E79-8016-43F8-A14D-75B92BCB4EFA}.Debug|ARM64.Deploy.0 = Debug|ARM64
		{050A6E79-8016-43F8-A14D-75B92BCB4EFA}.Debug|x64.ActiveCfg = Debug|x64
		{050A6E79-8016-43F8-A14D-75B92BCB4EFA}.Debug|x64.Build.0 = Debug|x64
		{050A6E79-8016-43F8-A14D-75B92BCB4EFA}.Debug|x64.Deploy.0 = Debug|x64
		{050A6E79-8016-43F8-A14D-75B92BCB4EFA}.Debug|x86.ActiveCfg = Debug|Win32
		{050A6E79-8016-43F8-A14D-75B92BCB4EFA}.Debug|x86.Build.0 = Debug|Win32
		{050A6E79-8016-43F8-A14D-75B92BCB4EFA}.Debug|x86.Deploy.0 = Debug|Win32
		{050A6E79-8016-43F8-A14D-75B92BCB4EFA}.Release|ARM.ActiveCfg = Release|ARM
		{050A6E79-8016-43F8-A14D-75B92BCB4EFA}.Release|ARM.Build.0 = Release|ARM
		{050A6E79-8016-43F8-A14D-75B92BCB4EFA}.Release|ARM.Deploy.0 = Release|ARM
		{050A6E79-8016-43F8-A14D-75B92BCB4EFA}.Release|ARM64.ActiveCfg = Release|ARM64
		{050A6E79-8016-43F8-A14D-75B92BCB4EFA}.Release|ARM64.Build.0 = Release|ARM64
		{050A6E79-8016-43F8-A14D-75B92BCB4EFA}.Release|ARM64.Deploy.0 = Release|ARM64
		{050A6E79-8016-43F8-A14D-75B92BCB4EFA}.Release|x64.ActiveCfg = Release|x64
		{050A6E79-8016-43F8-A14D-75B92BCB4EFA}.Release|x64.Build.0 = Release|x64
		{050A6E79-8016-43F8-A14D-75B92BCB4EFA}.Release|x64.Deploy.0 = Release|x64
		{050A6E79-8016-43F8-A14D-75B92BCB4EFA}.Release|x86.ActiveCfg = Release|Win32
		{050A6E79-8016-43F8-A14D-75B92BCB4EFA}.Release|x86.Build.0 = Release|Win32
		{050A6E79-8016-43F8-A14D-75B92BCB4EFA}.Release|x86.Deploy.0 = Release|Win32
		{CFEECB53-32E5-4B4A-AFD8-8B60856041DF}.Debug|ARM.ActiveCfg = Debug|ARM
		{CFEECB53-32E5-4B4A-AFD8-8B60856041DF}.Debug|ARM.Build.0 = Debug|ARM
		{CFEECB53-32E5-4B4A-AFD8-8B60856041DF}.Debug|ARM.Deploy.0 = Debug|ARM
		{CFEECB53-32E5-4B4A-AFD8-8B60856041DF}.Debug|ARM64.ActiveCfg = Debug|ARM64
		{CFEECB53-32E5-4B4A-AFD8-8B60856041DF}.Debug|ARM64.Build.0 = Debug|ARM64
		{CFEECB53-32E5-4B4A-AFD8-8B60856041DF}.Debug|ARM64.Deploy.0 = Debug|ARM64
		{CFEECB53-32E5-4B4A-AFD8-8B60856041DF}.Debug|x64.ActiveCfg = Debug|x64
		{CFEECB53-32E5-4B4A-AFD8-8B60856041DF}.Debug|x64.Build.0 = Debug|x64
		{CFEECB53-32E5-4B4A-AFD8-8B60856041DF}.Debug|x64.Deploy.0 = Debug|x64
		{CFEECB53-32E5-4B4A-AFD8-8B60856041DF}.Debug|x86.ActiveCfg = Debug|Win32
		{CFEECB53-32E5-4B4A-AFD8-8B60856041DF}.Debug|x86.Build.0 = Debug|Win32
		{CFEECB53-32E5-4B4A-AFD8-8B60856041DF}.Debug|x86.Deploy.0 = Debug|Win32
		{CFEECB53-32E5-4B4A-AFD8-8B60856041DF}.Release|ARM.ActiveCfg = Release|ARM
		{CFEECB53-32E5-4B4A-AFD8-8B60856041DF}.Release|ARM.Build.0 = Release|ARM
		{CFEECB53-32E5-4B4A-AFD8-8B60856041DF}.Release|ARM.Deploy.0 = Release|ARM
		{CFEECB53-32E5-4B4A-AFD8-8B60856041DF}.Release|ARM64.ActiveCfg = Release|ARM64
		{CFEECB53-32E5-4B4A-AFD8-8B60856041DF}.Release|ARM64.Build.0 = Release|ARM64
		{CFEECB53-32E5-4B4A-AFD8-8B60856041DF}.Release|ARM64.Deploy.0 = Release|ARM64
		{CFEECB53-32E5-4B4A-AFD8-8B60856041DF}.Release|x64.ActiveCfg = Release|x64
		{CFEECB53-32E5-4B4A-AFD8-8B60856041DF}.Release|x64.Build.0 = Release|x64
		{CFEECB53-32E5-4B4A-AFD8-8B60856041DF}.Release|x64.Deploy.0 = Release|x64
		{CFEECB53-32E5-4B4A-AFD8-8B60856041DF}.Release|x86.ActiveCfg = Release|Win32
		{CFEECB53-32E5-4B4A-AFD8-8B60856041DF}.Release|x86.Build.0 = Release|Win32
		{CFEECB53-32E5-4B4A-AFD8-8B60856041DF}.Release|x86.Deploy.0 = Release|Win32
	EndGlobalSection
	GlobalSection(SolutionProperties) = preSolution
		HideSolutionNode = FALSE
	EndGlobalSection
	GlobalSection(ExtensibilityGlobals) = postSolution
		SolutionGuid = {40F8BC75-19F8-4F11-B411-5E34790F68D2}
	EndGlobalSection
EndGlobal
